<?xml version="1.0" encoding="utf-8"?>
<Project ToolsVersion="4.0" xmlns="http://schemas.microsoft.com/developer/msbuild/2003">
  <ItemGroup>
    <Filter Include="Source Files">
      <UniqueIdentifier>{4FC737F1-C7A5-4376-A066-2A32D752A2FF}</UniqueIdentifier>
      <Extensions>cpp;c;cc;cxx;def;odl;idl;hpj;bat;asm;asmx</Extensions>
    </Filter>
    <Filter Include="Header Files">
      <UniqueIdentifier>{93995380-89BD-4b04-88EB-625FBE52EBFB}</UniqueIdentifier>
      <Extensions>h;hh;hpp;hxx;hm;inl;inc;xsd</Extensions>
    </Filter>
    <Filter Include="Resource Files">
      <UniqueIdentifier>{67DA6AB6-F800-4c08-8B7A-83BB121AAD01}</UniqueIdentifier>
      <Extensions>rc;ico;cur;bmp;dlg;rc2;rct;bin;rgs;gif;jpg;jpeg;jpe;resx;tiff;tif;png;wav;mfcribbon-ms</Extensions>
    </Filter>
  </ItemGroup>
  <ItemGroup>
    <Text Include="ReadMe.txt" />
  </ItemGroup>
  <ItemGroup>
    <ClInclude Include="stdafx.h">
      <Filter>Header Files</Filter>
    </ClInclude>
    <ClInclude Include="targetver.h">
      <Filter>Header Files</Filter>
    </ClInclude>
    <ClInclude Include="Manager.h">
      <Filter>Header Files</Filter>
    </ClInclude>
    <ClInclude Include="IStats.h">
      <Filter>Header Files</Filter>
    </ClInclude>
    <ClInclude Include="BloodletterStats.h">
      <Filter>Header Files</Filter>
    </ClInclude>
    <ClInclude Include="ISpecialRules.h">
      <Filter>Header Files</Filter>
    </ClInclude>
    <ClInclude Include="BloodletterSpecialRules.h">
      <Filter>Header Files</Filter>
    </ClInclude>
    <ClInclude Include="BloodletterOptions.h">
      <Filter>Header Files</Filter>
    </ClInclude>
    <ClInclude Include="Unit.h">
      <Filter>Header Files</Filter>
    </ClInclude>
    <ClInclude Include="Squad.h">
      <Filter>Header Files</Filter>
    </ClInclude>
    <ClInclude Include="StatsFactory.h">
      <Filter>Header Files</Filter>
    </ClInclude>
    <ClInclude Include="OptionsFactory.h">
      <Filter>Header Files</Filter>
    </ClInclude>
    <ClInclude Include="SpecialRulesFactory.h">
      <Filter>Header Files</Filter>
    </ClInclude>
    <ClInclude Include="UnitFactory.h">
      <Filter>Header Files</Filter>
    </ClInclude>
    <ClInclude Include="UnitCountRangeFactory.h">
      <Filter>Header Files</Filter>
    </ClInclude>
    <ClInclude Include="IUnitCounts.h">
      <Filter>Header Files</Filter>
    </ClInclude>
    <ClInclude Include="BloodletterUnitCounts.h">
      <Filter>Header Files</Filter>
    </ClInclude>
    <ClInclude Include="IHitCalculator.h">
      <Filter>Header Files</Filter>
    </ClInclude>
    <ClInclude Include="ByTheBooksHitCalculator.h">
      <Filter>Header Files</Filter>
    </ClInclude>
    <ClInclude Include="IWoundCalculator.h">
      <Filter>Header Files</Filter>
    </ClInclude>
    <ClInclude Include="SequentialWoundCalculator.h">
      <Filter>Header Files</Filter>
    </ClInclude>
    <ClInclude Include="IWoundInflictor.h">
      <Filter>Header Files</Filter>
    </ClInclude>
    <ClInclude Include="SequentialWoundInflictor.h">
      <Filter>Header Files</Filter>
    </ClInclude>
    <ClInclude Include="BattleEngine.h">
      <Filter>Header Files</Filter>
    </ClInclude>
    <ClInclude Include="IIO.h">
      <Filter>Header Files</Filter>
    </ClInclude>
    <ClInclude Include="IOptions.h">
      <Filter>Header Files</Filter>
    </ClInclude>
    <ClInclude Include="StandardIO.h">
      <Filter>Header Files</Filter>
    </ClInclude>
    <ClInclude Include="UserInteraction.h">
      <Filter>Header Files</Filter>
    </ClInclude>
    <ClInclude Include="TestBase.h">
      <Filter>Header Files</Filter>
    </ClInclude>
    <ClInclude Include="StandardIOTests.h">
      <Filter>Header Files</Filter>
    </ClInclude>
    <ClInclude Include="IOFactory.h">
      <Filter>Header Files</Filter>
    </ClInclude>
  </ItemGroup>
  <ItemGroup>
    <ClCompile Include="WarhammerBattle.cpp">
      <Filter>Source Files</Filter>
    </ClCompile>
    <ClCompile Include="Manager.cpp">
      <Filter>Source Files</Filter>
    </ClCompile>
    <ClCompile Include="BloodletterStats.cpp">
      <Filter>Source Files</Filter>
    </ClCompile>
    <ClCompile Include="BloodletterSpecialRules.cpp">
      <Filter>Source Files</Filter>
    </ClCompile>
    <ClCompile Include="BloodletterOptions.cpp">
      <Filter>Source Files</Filter>
    </ClCompile>
    <ClCompile Include="Unit.cpp">
      <Filter>Source Files</Filter>
    </ClCompile>
    <ClCompile Include="Squad.cpp">
      <Filter>Source Files</Filter>
    </ClCompile>
    <ClCompile Include="StatsFactory.cpp">
      <Filter>Source Files</Filter>
    </ClCompile>
    <ClCompile Include="OptionsFactory.cpp">
      <Filter>Source Files</Filter>
    </ClCompile>
    <ClCompile Include="SpecialRulesFactory.cpp">
      <Filter>Source Files</Filter>
    </ClCompile>
    <ClCompile Include="UnitFactory.cpp">
      <Filter>Source Files</Filter>
    </ClCompile>
    <ClCompile Include="UnitCountRangeFactory.cpp">
      <Filter>Source Files</Filter>
    </ClCompile>
    <ClCompile Include="BloodletterUnitCounts.cpp">
      <Filter>Source Files</Filter>
    </ClCompile>
    <ClCompile Include="ByTheBooksHitCalculator.cpp">
      <Filter>Source Files</Filter>
    </ClCompile>
    <ClCompile Include="SequentialWoundCalculator.cpp">
      <Filter>Source Files</Filter>
    </ClCompile>
    <ClCompile Include="SequentialWoundInflictor.cpp">
      <Filter>Source Files</Filter>
    </ClCompile>
    <ClCompile Include="StandardIO.cpp">
      <Filter>Source Files</Filter>
    </ClCompile>
    <ClCompile Include="MainTests.cpp">
      <Filter>Source Files</Filter>
    </ClCompile>
    <ClCompile Include="StandardIOTests.cpp">
      <Filter>Source Files</Filter>
    </ClCompile>
    <ClCompile Include="IOFactory.cpp">
      <Filter>Source Files</Filter>
    </ClCompile>
  </ItemGroup>
</Project>